
Microsoft Visual Studio Solution File, Format Version 12.00
# Visual Studio Version 17
VisualStudioVersion = 17.2.32602.215
MinimumVisualStudioVersion = 10.0.40219.1
Project("{9A19103F-16F7-4668-BE54-9A1E7A4F7556}") = "JusticeAPI", "JusticeAPI\JusticeAPI.csproj", "{3BC6CAE3-DFF3-446E-9F8A-A09267B04239}"
EndProject
Project("{9A19103F-16F7-4668-BE54-9A1E7A4F7556}") = "Domain", "Domain\Domain.csproj", "{6AA23859-0362-4DCE-A690-C7077F306C06}"
EndProject
Project("{9A19103F-16F7-4668-BE54-9A1E7A4F7556}") = "Application", "Application\Application.csproj", "{462849C2-8F7A-460E-9DB5-68844CABAFA2}"
EndProject
Global
	GlobalSection(SolutionConfigurationPlatforms) = preSolution
		Debug|Any CPU = Debug|Any CPU
		Release|Any CPU = Release|Any CPU
	EndGlobalSection
	GlobalSection(ProjectConfigurationPlatforms) = postSolution
		{3BC6CAE3-DFF3-446E-9F8A-A09267B04239}.Debug|Any CPU.ActiveCfg = Debug|Any CPU
		{3BC6CAE3-DFF3-446E-9F8A-A09267B04239}.Debug|Any CPU.Build.0 = Debug|Any CPU
		{3BC6CAE3-DFF3-446E-9F8A-A09267B04239}.Release|Any CPU.ActiveCfg = Release|Any CPU
		{3BC6CAE3-DFF3-446E-9F8A-A09267B04239}.Release|Any CPU.Build.0 = Release|Any CPU
		{6AA23859-0362-4DCE-A690-C7077F306C06}.Debug|Any CPU.ActiveCfg = Debug|Any CPU
		{6AA23859-0362-4DCE-A690-C7077F306C06}.Debug|Any CPU.Build.0 = Debug|Any CPU
		{6AA23859-0362-4DCE-A690-C7077F306C06}.Release|Any CPU.ActiveCfg = Release|Any CPU
		{6AA23859-0362-4DCE-A690-C7077F306C06}.Release|Any CPU.Build.0 = Release|Any CPU
		{462849C2-8F7A-460E-9DB5-68844CABAFA2}.Debug|Any CPU.ActiveCfg = Debug|Any CPU
		{462849C2-8F7A-460E-9DB5-68844CABAFA2}.Debug|Any CPU.Build.0 = Debug|Any CPU
		{462849C2-8F7A-460E-9DB5-68844CABAFA2}.Release|Any CPU.ActiveCfg = Release|Any CPU
		{462849C2-8F7A-460E-9DB5-68844CABAFA2}.Release|Any CPU.Build.0 = Release|Any CPU
	EndGlobalSection
	GlobalSection(SolutionProperties) = preSolution
		HideSolutionNode = FALSE
	EndGlobalSection
	GlobalSection(ExtensibilityGlobals) = postSolution
		SolutionGuid = {F50FAB09-236F-4373-99FE-B03D8F022728}
	EndGlobalSection
EndGlobal
